
Microsoft Visual Studio Solution File, Format Version 12.00
# Visual Studio 15
VisualStudioVersion = 15.0.26206.0
MinimumVisualStudioVersion = 10.0.40219.1
Project("{8BC9CEB8-8B4A-11D0-8D11-00A0C91BC942}") = "Queue", "Queue\Queue.vcxproj", "{6C681E51-FFE0-4C47-BE80-0BCDE654A0F3}"
EndProject
Project("{8BC9CEB8-8B4A-11D0-8D11-00A0C91BC942}") = "LinkedList", "LinkedList\LinkedList.vcxproj", "{53CDB06D-E314-4825-8192-0FDA8A18B49A}"
EndProject
Global
	GlobalSection(SolutionConfigurationPlatforms) = preSolution
		Debug|x64 = Debug|x64
		Debug|x86 = Debug|x86
		Release|x64 = Release|x64
		Release|x86 = Release|x86
	EndGlobalSection
	GlobalSection(ProjectConfigurationPlatforms) = postSolution
		{6C681E51-FFE0-4C47-BE80-0BCDE654A0F3}.Debug|x64.ActiveCfg = Debug|x64
		{6C681E51-FFE0-4C47-BE80-0BCDE654A0F3}.Debug|x64.Build.0 = Debug|x64
		{6C681E51-FFE0-4C47-BE80-0BCDE654A0F3}.Debug|x86.ActiveCfg = Debug|Win32
		{6C681E51-FFE0-4C47-BE80-0BCDE654A0F3}.Debug|x86.Build.0 = Debug|Win32
		{6C681E51-FFE0-4C47-BE80-0BCDE654A0F3}.Release|x64.ActiveCfg = Release|x64
		{6C681E51-FFE0-4C47-BE80-0BCDE654A0F3}.Release|x64.Build.0 = Release|x64
		{6C681E51-FFE0-4C47-BE80-0BCDE654A0F3}.Release|x86.ActiveCfg = Release|Win32
		{6C681E51-FFE0-4C47-BE80-0BCDE654A0F3}.Release|x86.Build.0 = Release|Win32
		{53CDB06D-E314-4825-8192-0FDA8A18B49A}.Debug|x64.ActiveCfg = Debug|x64
		{53CDB06D-E314-4825-8192-0FDA8A18B49A}.Debug|x64.Build.0 = Debug|x64
		{53CDB06D-E314-4825-8192-0FDA8A18B49A}.Debug|x86.ActiveCfg = Debug|Win32
		{53CDB06D-E314-4825-8192-0FDA8A18B49A}.Debug|x86.Build.0 = Debug|Win32
		{53CDB06D-E314-4825-8192-0FDA8A18B49A}.Release|x64.ActiveCfg = Release|x64
		{53CDB06D-E314-4825-8192-0FDA8A18B49A}.Release|x64.Build.0 = Release|x64
		{53CDB06D-E314-4825-8192-0FDA8A18B49A}.Release|x86.ActiveCfg = Release|Win32
		{53CDB06D-E314-4825-8192-0FDA8A18B49A}.Release|x86.Build.0 = Release|Win32
	EndGlobalSection
	GlobalSection(SolutionProperties) = preSolution
		HideSolutionNode = FALSE
	EndGlobalSection
EndGlobal
